
Microsoft Visual Studio Solution File, Format Version 12.00
Project("{FAE04EC0-301F-11D3-BF4B-00C04F79EFBC}") = "Lexer", "Lexer\Lexer.csproj", "{66D94715-7605-4881-A80B-E617BA4C09D3}"
EndProject
Project("{FAE04EC0-301F-11D3-BF4B-00C04F79EFBC}") = "Main", "Main\Main.csproj", "{FFBF79FD-6B1E-4E02-B086-8BCD2ABAC14B}"
EndProject
Global
	GlobalSection(SolutionConfigurationPlatforms) = preSolution
		Debug|Any CPU = Debug|Any CPU
		Release|Any CPU = Release|Any CPU
	EndGlobalSection
	GlobalSection(ProjectConfigurationPlatforms) = postSolution
		{66D94715-7605-4881-A80B-E617BA4C09D3}.Debug|Any CPU.ActiveCfg = Debug|Any CPU
		{66D94715-7605-4881-A80B-E617BA4C09D3}.Debug|Any CPU.Build.0 = Debug|Any CPU
		{66D94715-7605-4881-A80B-E617BA4C09D3}.Release|Any CPU.ActiveCfg = Release|Any CPU
		{66D94715-7605-4881-A80B-E617BA4C09D3}.Release|Any CPU.Build.0 = Release|Any CPU
		{FFBF79FD-6B1E-4E02-B086-8BCD2ABAC14B}.Debug|Any CPU.ActiveCfg = Debug|Any CPU
		{FFBF79FD-6B1E-4E02-B086-8BCD2ABAC14B}.Debug|Any CPU.Build.0 = Debug|Any CPU
		{FFBF79FD-6B1E-4E02-B086-8BCD2ABAC14B}.Release|Any CPU.ActiveCfg = Release|Any CPU
		{FFBF79FD-6B1E-4E02-B086-8BCD2ABAC14B}.Release|Any CPU.Build.0 = Release|Any CPU
	EndGlobalSection
EndGlobal
